
Microsoft Visual Studio Solution File, Format Version 12.00
# Visual Studio Version 17
VisualStudioVersion = 17.5.33414.496
MinimumVisualStudioVersion = 10.0.40219.1
Project("{FAE04EC0-301F-11D3-BF4B-00C04F79EFBC}") = "eUprava", "eUprava\eUprava.csproj", "{1D081A37-8176-4B2B-8BE2-5D88130C6DAE}"
EndProject
Global
	GlobalSection(SolutionConfigurationPlatforms) = preSolution
		Debug|Any CPU = Debug|Any CPU
		Release|Any CPU = Release|Any CPU
	EndGlobalSection
	GlobalSection(ProjectConfigurationPlatforms) = postSolution
		{1D081A37-8176-4B2B-8BE2-5D88130C6DAE}.Debug|Any CPU.ActiveCfg = Debug|Any CPU
		{1D081A37-8176-4B2B-8BE2-5D88130C6DAE}.Debug|Any CPU.Build.0 = Debug|Any CPU
		{1D081A37-8176-4B2B-8BE2-5D88130C6DAE}.Release|Any CPU.ActiveCfg = Release|Any CPU
		{1D081A37-8176-4B2B-8BE2-5D88130C6DAE}.Release|Any CPU.Build.0 = Release|Any CPU
	EndGlobalSection
	GlobalSection(SolutionProperties) = preSolution
		HideSolutionNode = FALSE
	EndGlobalSection
	GlobalSection(ExtensibilityGlobals) = postSolution
		SolutionGuid = {2608B579-9992-4610-8338-75111C5D3AE3}
	EndGlobalSection
EndGlobal
